
Microsoft Visual Studio Solution File, Format Version 12.00
# Visual Studio Version 17
VisualStudioVersion = 17.4.33205.214
MinimumVisualStudioVersion = 10.0.40219.1
Project("{FAE04EC0-301F-11D3-BF4B-00C04F79EFBC}") = "SeleniumTestingPractice", "SeleniumTestingPractice\SeleniumTestingPractice.csproj", "{70BBC2F4-A21B-478F-B618-2767F818CC7C}"
EndProject
Global
	GlobalSection(SolutionConfigurationPlatforms) = preSolution
		Debug|Any CPU = Debug|Any CPU
		Release|Any CPU = Release|Any CPU
	EndGlobalSection
	GlobalSection(ProjectConfigurationPlatforms) = postSolution
		{70BBC2F4-A21B-478F-B618-2767F818CC7C}.Debug|Any CPU.ActiveCfg = Debug|Any CPU
		{70BBC2F4-A21B-478F-B618-2767F818CC7C}.Debug|Any CPU.Build.0 = Debug|Any CPU
		{70BBC2F4-A21B-478F-B618-2767F818CC7C}.Release|Any CPU.ActiveCfg = Release|Any CPU
		{70BBC2F4-A21B-478F-B618-2767F818CC7C}.Release|Any CPU.Build.0 = Release|Any CPU
	EndGlobalSection
	GlobalSection(SolutionProperties) = preSolution
		HideSolutionNode = FALSE
	EndGlobalSection
	GlobalSection(ExtensibilityGlobals) = postSolution
		SolutionGuid = {C4DD0B79-DA13-4587-94C0-281A2D1B8A49}
	EndGlobalSection
EndGlobal
